# THIS IS AN AUTOGENERATED FILE. DO NOT EDIT THIS FILE DIRECTLY.
# yarn lockfile v1


reat@^0.0.1-security:
  version "0.0.1-security"
  resolved "https://registry.npmmirror.com/reat/-/reat-0.0.1-security.tgz#a91c949003a7fbccb05a068e695011e22f883ec6"
  integrity sha512-xqNAHSFeq/KyoaujMFe7BTJwh5wmvUjhyivpPr0y1I6+Ap3RW8F4ViPIW2br75NdsDCVoQvM+zOSEVl1W849Xw==
